{
  "requires": true,
  "lockfileVersion": 1,
  "dependencies": {
    "tachyons-clears": {
      "version": "3.0.4",
      "resolved": "https://registry.npmjs.org/tachyons-clears/-/tachyons-clears-3.0.4.tgz",
      "integrity": "sha1-hGS/oDlPutLmq5f634vH7L4utpU="
    },
    "tachyons-floats": {
      "version": "3.0.5",
      "resolved": "https://registry.npmjs.org/tachyons-floats/-/tachyons-floats-3.0.5.tgz",
      "integrity": "sha512-RfFEMfnXAojK/0p3y+vPITecmEPgnHzRJcHZJJ74M1tbbkg8rsjz+GuMsrCM4/X4G+RRo7043QDGYjjZp1clGw=="
    },
    "tachyons-letter-spacing": {
      "version": "3.0.5",
      "resolved": "https://registry.npmjs.org/tachyons-letter-spacing/-/tachyons-letter-spacing-3.0.5.tgz",
      "integrity": "sha512-/3/5NOGPEgUhsStqSyT66b9+K8TraQslHVXLo8Lez3S85oGulZJd9qwNSxy2QUP+YvLyI7cL5kKeC716Z/atxw=="
    },
    "tachyons-line-height": {
      "version": "3.0.7",
      "resolved": "https://registry.npmjs.org/tachyons-line-height/-/tachyons-line-height-3.0.7.tgz",
      "integrity": "sha512-D5Ip7F/bcia9hB2PwVbWpAOAwucB8o1k2mvesRh8tztTv1cscKi79oGRE5g+lxq37TqNI7932F0rChCbPKmNrQ=="
    },
    "tachyons-skins": {
      "version": "4.1.1",
      "resolved": "https://registry.npmjs.org/tachyons-skins/-/tachyons-skins-4.1.1.tgz",
      "integrity": "sha512-eo8qqF1zprSdNzmlQZtK9oHJcpmitcCm2+RD0CJJBUT2f4qlk7sbXqOT1+Nqb8WVS+4h/FTiRI6f7zcKxQkKwA=="
    },
    "tachyons-spacing": {
      "version": "6.0.5",
      "resolved": "https://registry.npmjs.org/tachyons-spacing/-/tachyons-spacing-6.0.5.tgz",
      "integrity": "sha512-910+iaZiWrNYO8r8rbiDhG2smH/ZNMNaBX03DGVft4iToaBuC8BlDGIr4um9rK9gD+DcK361Co9X8CWWoJWBxw=="
    },
    "tachyons-text-transform": {
      "version": "4.0.6",
      "resolved": "https://registry.npmjs.org/tachyons-text-transform/-/tachyons-text-transform-4.0.6.tgz",
      "integrity": "sha512-+UWTZLWg11wTxsUerEKnQFlEHIZYdAhzGA0dYxv+CbJDMNi1UuFS7o76rB6II0fLnjWzCaxrHJkNpsytdXenpA=="
    },
    "tachyons-type-scale": {
      "version": "6.1.1",
      "resolved": "https://registry.npmjs.org/tachyons-type-scale/-/tachyons-type-scale-6.1.1.tgz",
      "integrity": "sha512-tPjY267xJKJjcWNURcxMoefapHg/eUTkHlwkLoYgJPSRMYf5+w/1mX0kGRALfoAJGRPNkjRT2cy7lxy90LIQYA=="
    },
    "tachyons-typography": {
      "version": "3.0.5",
      "resolved": "https://registry.npmjs.org/tachyons-typography/-/tachyons-typography-3.0.5.tgz",
      "integrity": "sha512-xdopFFlWT+n08mjcX6obc+Gw1a7dd+g8BtdXPfISmIw2BySo0G+lFm3IUE0fUiVHip9q33wvWUG3yby13Ty24g=="
    },
    "tachyons-widths": {
      "version": "5.2.1",
      "resolved": "https://registry.npmjs.org/tachyons-widths/-/tachyons-widths-5.2.1.tgz",
      "integrity": "sha512-LrqK5D8pH1K5JPrv1ld2o+oybDzvhq4dIEW43u3RpyPYg2PizUnxdKWm+QREsOWDDGgwwOMi094P6y5yoBSDNw=="
    }
  }
}
